
Microsoft Visual Studio Solution File, Format Version 12.00
# Visual Studio Version 16
VisualStudioVersion = 16.0.29613.14
MinimumVisualStudioVersion = 10.0.40219.1
Project("{FAE04EC0-301F-11D3-BF4B-00C04F79EFBC}") = "Bristol Design (prototype alpha)", "Bristol Design (prototype alpha)\Bristol Design (prototype alpha).csproj", "{B70CB608-B714-4CE5-BC36-48C691B9C8B4}"
EndProject
Project("{9A19103F-16F7-4668-BE54-9A1E7A4F7556}") = "Bristol Design (prototype beta)", "Bristol Design (prototype beta)\Bristol Design (prototype beta).csproj", "{CB2C29F5-642B-4B43-9B8B-3F4353DEC403}"
EndProject
Project("{FAE04EC0-301F-11D3-BF4B-00C04F79EFBC}") = "Bristol Design (prototype alpha alpha)", "Bristol Design (prototype alpha alpha)\Bristol Design (prototype alpha alpha).csproj", "{240B493F-6698-43B4-A50C-808E4FC1416C}"
EndProject
Global
	GlobalSection(SolutionConfigurationPlatforms) = preSolution
		Debug|Any CPU = Debug|Any CPU
		Release|Any CPU = Release|Any CPU
	EndGlobalSection
	GlobalSection(ProjectConfigurationPlatforms) = postSolution
		{B70CB608-B714-4CE5-BC36-48C691B9C8B4}.Debug|Any CPU.ActiveCfg = Debug|Any CPU
		{B70CB608-B714-4CE5-BC36-48C691B9C8B4}.Debug|Any CPU.Build.0 = Debug|Any CPU
		{B70CB608-B714-4CE5-BC36-48C691B9C8B4}.Release|Any CPU.ActiveCfg = Release|Any CPU
		{B70CB608-B714-4CE5-BC36-48C691B9C8B4}.Release|Any CPU.Build.0 = Release|Any CPU
		{CB2C29F5-642B-4B43-9B8B-3F4353DEC403}.Debug|Any CPU.ActiveCfg = Debug|Any CPU
		{CB2C29F5-642B-4B43-9B8B-3F4353DEC403}.Debug|Any CPU.Build.0 = Debug|Any CPU
		{CB2C29F5-642B-4B43-9B8B-3F4353DEC403}.Release|Any CPU.ActiveCfg = Release|Any CPU
		{CB2C29F5-642B-4B43-9B8B-3F4353DEC403}.Release|Any CPU.Build.0 = Release|Any CPU
		{240B493F-6698-43B4-A50C-808E4FC1416C}.Debug|Any CPU.ActiveCfg = Debug|Any CPU
		{240B493F-6698-43B4-A50C-808E4FC1416C}.Debug|Any CPU.Build.0 = Debug|Any CPU
		{240B493F-6698-43B4-A50C-808E4FC1416C}.Release|Any CPU.ActiveCfg = Release|Any CPU
		{240B493F-6698-43B4-A50C-808E4FC1416C}.Release|Any CPU.Build.0 = Release|Any CPU
	EndGlobalSection
	GlobalSection(SolutionProperties) = preSolution
		HideSolutionNode = FALSE
	EndGlobalSection
	GlobalSection(ExtensibilityGlobals) = postSolution
		SolutionGuid = {1756A3EE-D938-4548-AD70-34F3383A2959}
	EndGlobalSection
EndGlobal
